
Microsoft Visual Studio Solution File, Format Version 12.00
# Visual Studio Version 17
VisualStudioVersion = 17.5.33627.172
MinimumVisualStudioVersion = 10.0.40219.1
Project("{FAE04EC0-301F-11D3-BF4B-00C04F79EFBC}") = "ConsoleApp20-ServerChat", "ConsoleApp20-ServerChat\ConsoleApp20-ServerChat.csproj", "{2B80A11E-3790-49D0-B52D-EBA3DD5372F9}"
EndProject
Project("{FAE04EC0-301F-11D3-BF4B-00C04F79EFBC}") = "ClientTest", "ClientTest\ClientTest.csproj", "{B8885627-47B3-4AF3-BAAB-8F78C79B3743}"
EndProject
Global
	GlobalSection(SolutionConfigurationPlatforms) = preSolution
		Debug|Any CPU = Debug|Any CPU
		Release|Any CPU = Release|Any CPU
	EndGlobalSection
	GlobalSection(ProjectConfigurationPlatforms) = postSolution
		{2B80A11E-3790-49D0-B52D-EBA3DD5372F9}.Debug|Any CPU.ActiveCfg = Debug|Any CPU
		{2B80A11E-3790-49D0-B52D-EBA3DD5372F9}.Debug|Any CPU.Build.0 = Debug|Any CPU
		{2B80A11E-3790-49D0-B52D-EBA3DD5372F9}.Release|Any CPU.ActiveCfg = Release|Any CPU
		{2B80A11E-3790-49D0-B52D-EBA3DD5372F9}.Release|Any CPU.Build.0 = Release|Any CPU
		{B8885627-47B3-4AF3-BAAB-8F78C79B3743}.Debug|Any CPU.ActiveCfg = Debug|Any CPU
		{B8885627-47B3-4AF3-BAAB-8F78C79B3743}.Debug|Any CPU.Build.0 = Debug|Any CPU
		{B8885627-47B3-4AF3-BAAB-8F78C79B3743}.Release|Any CPU.ActiveCfg = Release|Any CPU
		{B8885627-47B3-4AF3-BAAB-8F78C79B3743}.Release|Any CPU.Build.0 = Release|Any CPU
	EndGlobalSection
	GlobalSection(SolutionProperties) = preSolution
		HideSolutionNode = FALSE
	EndGlobalSection
	GlobalSection(ExtensibilityGlobals) = postSolution
		SolutionGuid = {1098CF84-E218-4302-A297-07561E24667E}
	EndGlobalSection
EndGlobal
